
Microsoft Visual Studio Solution File, Format Version 12.00
# Visual Studio Version 17
VisualStudioVersion = 17.3.32804.467
MinimumVisualStudioVersion = 10.0.40219.1
Project("{FAE04EC0-301F-11D3-BF4B-00C04F79EFBC}") = "Generics", "Generics.csproj", "{4276778D-3419-4CF5-B2DE-73329207DE93}"
EndProject
Global
	GlobalSection(SolutionConfigurationPlatforms) = preSolution
		Debug|Any CPU = Debug|Any CPU
		Release|Any CPU = Release|Any CPU
	EndGlobalSection
	GlobalSection(ProjectConfigurationPlatforms) = postSolution
		{4276778D-3419-4CF5-B2DE-73329207DE93}.Debug|Any CPU.ActiveCfg = Debug|Any CPU
		{4276778D-3419-4CF5-B2DE-73329207DE93}.Debug|Any CPU.Build.0 = Debug|Any CPU
		{4276778D-3419-4CF5-B2DE-73329207DE93}.Release|Any CPU.ActiveCfg = Release|Any CPU
		{4276778D-3419-4CF5-B2DE-73329207DE93}.Release|Any CPU.Build.0 = Release|Any CPU
	EndGlobalSection
	GlobalSection(SolutionProperties) = preSolution
		HideSolutionNode = FALSE
	EndGlobalSection
	GlobalSection(ExtensibilityGlobals) = postSolution
		SolutionGuid = {29EE71CA-1D59-4840-A3B1-21BFA0708E0E}
	EndGlobalSection
EndGlobal
