
Microsoft Visual Studio Solution File, Format Version 12.00
# Visual Studio Version 17
VisualStudioVersion = 17.3.32804.467
MinimumVisualStudioVersion = 10.0.40219.1
Project("{FAE04EC0-301F-11D3-BF4B-00C04F79EFBC}") = "Logging", "Logging.csproj", "{802DD0B4-6A15-4557-BF17-546A60F1D1BE}"
EndProject
Global
	GlobalSection(SolutionConfigurationPlatforms) = preSolution
		Debug|Any CPU = Debug|Any CPU
		Release|Any CPU = Release|Any CPU
	EndGlobalSection
	GlobalSection(ProjectConfigurationPlatforms) = postSolution
		{802DD0B4-6A15-4557-BF17-546A60F1D1BE}.Debug|Any CPU.ActiveCfg = Debug|Any CPU
		{802DD0B4-6A15-4557-BF17-546A60F1D1BE}.Debug|Any CPU.Build.0 = Debug|Any CPU
		{802DD0B4-6A15-4557-BF17-546A60F1D1BE}.Release|Any CPU.ActiveCfg = Release|Any CPU
		{802DD0B4-6A15-4557-BF17-546A60F1D1BE}.Release|Any CPU.Build.0 = Release|Any CPU
	EndGlobalSection
	GlobalSection(SolutionProperties) = preSolution
		HideSolutionNode = FALSE
	EndGlobalSection
	GlobalSection(ExtensibilityGlobals) = postSolution
		SolutionGuid = {CBD80475-46D1-4B56-B5F2-D29F40E42CD4}
	EndGlobalSection
EndGlobal
